
Microsoft Visual Studio Solution File, Format Version 12.00
# Visual Studio 2012
Project("{FAE04EC0-301F-11D3-BF4B-00C04F79EFBC}") = "FirstApplication", "ConsoleApplication8\FirstApplication.csproj", "{3BE11AFE-46D2-483A-9F7D-1B89ABC12099}"
EndProject
Project("{FAE04EC0-301F-11D3-BF4B-00C04F79EFBC}") = "FirstTest", "ClassLibrary1\FirstTest.csproj", "{DE095169-B601-46C9-A52B-2AD74834196A}"
EndProject
Global
	GlobalSection(SolutionConfigurationPlatforms) = preSolution
		Debug|Any CPU = Debug|Any CPU
		Release|Any CPU = Release|Any CPU
	EndGlobalSection
	GlobalSection(ProjectConfigurationPlatforms) = postSolution
		{3BE11AFE-46D2-483A-9F7D-1B89ABC12099}.Debug|Any CPU.ActiveCfg = Debug|Any CPU
		{3BE11AFE-46D2-483A-9F7D-1B89ABC12099}.Debug|Any CPU.Build.0 = Debug|Any CPU
		{3BE11AFE-46D2-483A-9F7D-1B89ABC12099}.Release|Any CPU.ActiveCfg = Release|Any CPU
		{3BE11AFE-46D2-483A-9F7D-1B89ABC12099}.Release|Any CPU.Build.0 = Release|Any CPU
		{DE095169-B601-46C9-A52B-2AD74834196A}.Debug|Any CPU.ActiveCfg = Debug|Any CPU
		{DE095169-B601-46C9-A52B-2AD74834196A}.Debug|Any CPU.Build.0 = Debug|Any CPU
		{DE095169-B601-46C9-A52B-2AD74834196A}.Release|Any CPU.ActiveCfg = Release|Any CPU
		{DE095169-B601-46C9-A52B-2AD74834196A}.Release|Any CPU.Build.0 = Release|Any CPU
	EndGlobalSection
	GlobalSection(SolutionProperties) = preSolution
		HideSolutionNode = FALSE
	EndGlobalSection
EndGlobal
